
Microsoft Visual Studio Solution File, Format Version 12.00
# Visual Studio Version 17
VisualStudioVersion = 17.4.33103.184
MinimumVisualStudioVersion = 10.0.40219.1
Project("{FAE04EC0-301F-11D3-BF4B-00C04F79EFBC}") = "Storety", "Storety\Storety.csproj", "{79BD3B14-BD06-4850-AD6E-FF5CD6DCC197}"
EndProject
Global
	GlobalSection(SolutionConfigurationPlatforms) = preSolution
		Debug|Any CPU = Debug|Any CPU
		Release|Any CPU = Release|Any CPU
	EndGlobalSection
	GlobalSection(ProjectConfigurationPlatforms) = postSolution
		{79BD3B14-BD06-4850-AD6E-FF5CD6DCC197}.Debug|Any CPU.ActiveCfg = Debug|Any CPU
		{79BD3B14-BD06-4850-AD6E-FF5CD6DCC197}.Debug|Any CPU.Build.0 = Debug|Any CPU
		{79BD3B14-BD06-4850-AD6E-FF5CD6DCC197}.Release|Any CPU.ActiveCfg = Release|Any CPU
		{79BD3B14-BD06-4850-AD6E-FF5CD6DCC197}.Release|Any CPU.Build.0 = Release|Any CPU
	EndGlobalSection
	GlobalSection(SolutionProperties) = preSolution
		HideSolutionNode = FALSE
	EndGlobalSection
	GlobalSection(ExtensibilityGlobals) = postSolution
		SolutionGuid = {061EB504-DEB9-4479-ABCE-71C47F8A9B69}
	EndGlobalSection
EndGlobal
